
Microsoft Visual Studio Solution File, Format Version 12.00
# Visual Studio Version 16
VisualStudioVersion = 16.0.31624.102
MinimumVisualStudioVersion = 10.0.40219.1
Project("{FAE04EC0-301F-11D3-BF4B-00C04F79EFBC}") = "LendoArquivos", "LendoArquivos\LendoArquivos.csproj", "{31815BC4-C2A2-4309-A64A-7318EBA13A41}"
EndProject
Global
	GlobalSection(SolutionConfigurationPlatforms) = preSolution
		Debug|Any CPU = Debug|Any CPU
		Release|Any CPU = Release|Any CPU
	EndGlobalSection
	GlobalSection(ProjectConfigurationPlatforms) = postSolution
		{31815BC4-C2A2-4309-A64A-7318EBA13A41}.Debug|Any CPU.ActiveCfg = Debug|Any CPU
		{31815BC4-C2A2-4309-A64A-7318EBA13A41}.Debug|Any CPU.Build.0 = Debug|Any CPU
		{31815BC4-C2A2-4309-A64A-7318EBA13A41}.Release|Any CPU.ActiveCfg = Release|Any CPU
		{31815BC4-C2A2-4309-A64A-7318EBA13A41}.Release|Any CPU.Build.0 = Release|Any CPU
	EndGlobalSection
	GlobalSection(SolutionProperties) = preSolution
		HideSolutionNode = FALSE
	EndGlobalSection
	GlobalSection(ExtensibilityGlobals) = postSolution
		SolutionGuid = {8BBF5189-8173-47DC-ADF0-E6FB21D7DE7C}
	EndGlobalSection
EndGlobal
